// !$*UTF8*$!
{
	archiveVersion = 1;
	classes = {
	};
	objectVersion = 56;
	objects = {

/* Begin PBXBuildFile section */
		4F55B75D2BF77FDD00466165 /* arbuzApp.swift in Sources */ = {isa = PBXBuildFile; fileRef = 4F55B75C2BF77FDD00466165 /* arbuzApp.swift */; };
		4F55B75F2BF77FDD00466165 /* ContentView.swift in Sources */ = {isa = PBXBuildFile; fileRef = 4F55B75E2BF77FDD00466165 /* ContentView.swift */; };
		4F55B7612BF77FDF00466165 /* Assets.xcassets in Resources */ = {isa = PBXBuildFile; fileRef = 4F55B7602BF77FDF00466165 /* Assets.xcassets */; };
		4F55B7642BF77FDF00466165 /* Preview Assets.xcassets in Resources */ = {isa = PBXBuildFile; fileRef = 4F55B7632BF77FDF00466165 /* Preview Assets.xcassets */; };
		4F55B7692BF77FDF00466165 /* ProductModel.xcdatamodeld in Sources */ = {isa = PBXBuildFile; fileRef = 4F55B7672BF77FDF00466165 /* ProductModel.xcdatamodeld */; };
		4F55B7722BF781D000466165 /* DataController.swift in Sources */ = {isa = PBXBuildFile; fileRef = 4F55B7712BF781D000466165 /* DataController.swift */; };
		4F5B26722BF9251C00B140F8 /* ProductCellView.swift in Sources */ = {isa = PBXBuildFile; fileRef = 4F5B26712BF9251C00B140F8 /* ProductCellView.swift */; };
		4F5B26772BF9CA0300B140F8 /* MainViewModel.swift in Sources */ = {isa = PBXBuildFile; fileRef = 4F5B26762BF9CA0300B140F8 /* MainViewModel.swift */; };
		4F5B26792BF9CA9B00B140F8 /* MainTabView.swift in Sources */ = {isa = PBXBuildFile; fileRef = 4F5B26782BF9CA9B00B140F8 /* MainTabView.swift */; };
		4F5B267D2BF9CC6000B140F8 /* BasketView.swift in Sources */ = {isa = PBXBuildFile; fileRef = 4F5B267C2BF9CC6000B140F8 /* BasketView.swift */; };
		4F5B267F2BF9CCA200B140F8 /* FavouriteView.swift in Sources */ = {isa = PBXBuildFile; fileRef = 4F5B267E2BF9CCA200B140F8 /* FavouriteView.swift */; };
		4F5B26812BF9D21A00B140F8 /* TabButton.swift in Sources */ = {isa = PBXBuildFile; fileRef = 4F5B26802BF9D21A00B140F8 /* TabButton.swift */; };
		4F5B26832BFA061400B140F8 /* SearchTextFieldView.swift in Sources */ = {isa = PBXBuildFile; fileRef = 4F5B26822BFA061400B140F8 /* SearchTextFieldView.swift */; };
		4F71B3812BF9008E00062570 /* MainView.swift in Sources */ = {isa = PBXBuildFile; fileRef = 4F71B3802BF9008E00062570 /* MainView.swift */; };
/* End PBXBuildFile section */

/* Begin PBXFileReference section */
		4F55B7592BF77FDD00466165 /* arbuz.app */ = {isa = PBXFileReference; explicitFileType = wrapper.application; includeInIndex = 0; path = arbuz.app; sourceTree = BUILT_PRODUCTS_DIR; };
		4F55B75C2BF77FDD00466165 /* arbuzApp.swift */ = {isa = PBXFileReference; lastKnownFileType = sourcecode.swift; path = arbuzApp.swift; sourceTree = "<group>"; };
		4F55B75E2BF77FDD00466165 /* ContentView.swift */ = {isa = PBXFileReference; lastKnownFileType = sourcecode.swift; path = ContentView.swift; sourceTree = "<group>"; };
		4F55B7602BF77FDF00466165 /* Assets.xcassets */ = {isa = PBXFileReference; lastKnownFileType = folder.assetcatalog; path = Assets.xcassets; sourceTree = "<group>"; };
		4F55B7632BF77FDF00466165 /* Preview Assets.xcassets */ = {isa = PBXFileReference; lastKnownFileType = folder.assetcatalog; path = "Preview Assets.xcassets"; sourceTree = "<group>"; };
		4F55B7682BF77FDF00466165 /* arbuz.xcdatamodel */ = {isa = PBXFileReference; lastKnownFileType = wrapper.xcdatamodel; path = arbuz.xcdatamodel; sourceTree = "<group>"; };
		4F55B7712BF781D000466165 /* DataController.swift */ = {isa = PBXFileReference; lastKnownFileType = sourcecode.swift; path = DataController.swift; sourceTree = "<group>"; };
		4F5B26712BF9251C00B140F8 /* ProductCellView.swift */ = {isa = PBXFileReference; lastKnownFileType = sourcecode.swift; path = ProductCellView.swift; sourceTree = "<group>"; };
		4F5B26762BF9CA0300B140F8 /* MainViewModel.swift */ = {isa = PBXFileReference; lastKnownFileType = sourcecode.swift; path = MainViewModel.swift; sourceTree = "<group>"; };
		4F5B26782BF9CA9B00B140F8 /* MainTabView.swift */ = {isa = PBXFileReference; lastKnownFileType = sourcecode.swift; path = MainTabView.swift; sourceTree = "<group>"; };
		4F5B267C2BF9CC6000B140F8 /* BasketView.swift */ = {isa = PBXFileReference; lastKnownFileType = sourcecode.swift; path = BasketView.swift; sourceTree = "<group>"; };
		4F5B267E2BF9CCA200B140F8 /* FavouriteView.swift */ = {isa = PBXFileReference; lastKnownFileType = sourcecode.swift; path = FavouriteView.swift; sourceTree = "<group>"; };
		4F5B26802BF9D21A00B140F8 /* TabButton.swift */ = {isa = PBXFileReference; lastKnownFileType = sourcecode.swift; path = TabButton.swift; sourceTree = "<group>"; };
		4F5B26822BFA061400B140F8 /* SearchTextFieldView.swift */ = {isa = PBXFileReference; lastKnownFileType = sourcecode.swift; path = SearchTextFieldView.swift; sourceTree = "<group>"; };
		4F71B3802BF9008E00062570 /* MainView.swift */ = {isa = PBXFileReference; lastKnownFileType = sourcecode.swift; path = MainView.swift; sourceTree = "<group>"; };
/* End PBXFileReference section */

/* Begin PBXFrameworksBuildPhase section */
		4F55B7562BF77FDD00466165 /* Frameworks */ = {
			isa = PBXFrameworksBuildPhase;
			buildActionMask = 2147483647;
			files = (
			);
			runOnlyForDeploymentPostprocessing = 0;
		};
/* End PBXFrameworksBuildPhase section */

/* Begin PBXGroup section */
		4F55B7502BF77FDD00466165 = {
			isa = PBXGroup;
			children = (
				4F55B75B2BF77FDD00466165 /* arbuz */,
				4F55B75A2BF77FDD00466165 /* Products */,
			);
			sourceTree = "<group>";
		};
		4F55B75A2BF77FDD00466165 /* Products */ = {
			isa = PBXGroup;
			children = (
				4F55B7592BF77FDD00466165 /* arbuz.app */,
			);
			name = Products;
			sourceTree = "<group>";
		};
		4F55B75B2BF77FDD00466165 /* arbuz */ = {
			isa = PBXGroup;
			children = (
				4F5B26742BF9C91800B140F8 /* ViewModel */,
				4F55B75C2BF77FDD00466165 /* arbuzApp.swift */,
				4F55B7702BF7816E00466165 /* Views */,
				4F55B76F2BF7815D00466165 /* Models */,
				4F55B7602BF77FDF00466165 /* Assets.xcassets */,
				4F55B7622BF77FDF00466165 /* Preview Content */,
			);
			path = arbuz;
			sourceTree = "<group>";
		};
		4F55B7622BF77FDF00466165 /* Preview Content */ = {
			isa = PBXGroup;
			children = (
				4F55B7632BF77FDF00466165 /* Preview Assets.xcassets */,
			);
			path = "Preview Content";
			sourceTree = "<group>";
		};
		4F55B76F2BF7815D00466165 /* Models */ = {
			isa = PBXGroup;
			children = (
				4F55B7672BF77FDF00466165 /* ProductModel.xcdatamodeld */,
				4F55B7712BF781D000466165 /* DataController.swift */,
			);
			path = Models;
			sourceTree = "<group>";
		};
		4F55B7702BF7816E00466165 /* Views */ = {
			isa = PBXGroup;
			children = (
				4F5B267B2BF9CC4C00B140F8 /* FavouriteViews */,
				4F5B267A2BF9CC3F00B140F8 /* BasketViews */,
				4F5B26752BF9C97C00B140F8 /* TabViews */,
				4F5B26732BF9253300B140F8 /* MainViews */,
				4F55B75E2BF77FDD00466165 /* ContentView.swift */,
			);
			path = Views;
			sourceTree = "<group>";
		};
		4F5B26732BF9253300B140F8 /* MainViews */ = {
			isa = PBXGroup;
			children = (
				4F5B26712BF9251C00B140F8 /* ProductCellView.swift */,
				4F71B3802BF9008E00062570 /* MainView.swift */,
				4F5B26822BFA061400B140F8 /* SearchTextFieldView.swift */,
			);
			path = MainViews;
			sourceTree = "<group>";
		};
		4F5B26742BF9C91800B140F8 /* ViewModel */ = {
			isa = PBXGroup;
			children = (
				4F5B26762BF9CA0300B140F8 /* MainViewModel.swift */,
			);
			path = ViewModel;
			sourceTree = "<group>";
		};
		4F5B26752BF9C97C00B140F8 /* TabViews */ = {
			isa = PBXGroup;
			children = (
				4F5B26782BF9CA9B00B140F8 /* MainTabView.swift */,
				4F5B26802BF9D21A00B140F8 /* TabButton.swift */,
			);
			path = TabViews;
			sourceTree = "<group>";
		};
		4F5B267A2BF9CC3F00B140F8 /* BasketViews */ = {
			isa = PBXGroup;
			children = (
				4F5B267C2BF9CC6000B140F8 /* BasketView.swift */,
			);
			path = BasketViews;
			sourceTree = "<group>";
		};
		4F5B267B2BF9CC4C00B140F8 /* FavouriteViews */ = {
			isa = PBXGroup;
			children = (
				4F5B267E2BF9CCA200B140F8 /* FavouriteView.swift */,
			);
			path = FavouriteViews;
			sourceTree = "<group>";
		};
/* End PBXGroup section */

/* Begin PBXNativeTarget section */
		4F55B7582BF77FDD00466165 /* arbuz */ = {
			isa = PBXNativeTarget;
			buildConfigurationList = 4F55B76C2BF77FDF00466165 /* Build configuration list for PBXNativeTarget "arbuz" */;
			buildPhases = (
				4F55B7552BF77FDD00466165 /* Sources */,
				4F55B7562BF77FDD00466165 /* Frameworks */,
				4F55B7572BF77FDD00466165 /* Resources */,
			);
			buildRules = (
			);
			dependencies = (
			);
			name = arbuz;
			productName = arbuz;
			productReference = 4F55B7592BF77FDD00466165 /* arbuz.app */;
			productType = "com.apple.product-type.application";
		};
/* End PBXNativeTarget section */

/* Begin PBXProject section */
		4F55B7512BF77FDD00466165 /* Project object */ = {
			isa = PBXProject;
			attributes = {
				BuildIndependentTargetsInParallel = 1;
				LastSwiftUpdateCheck = 1540;
				LastUpgradeCheck = 1540;
				TargetAttributes = {
					4F55B7582BF77FDD00466165 = {
						CreatedOnToolsVersion = 15.4;
					};
				};
			};
			buildConfigurationList = 4F55B7542BF77FDD00466165 /* Build configuration list for PBXProject "arbuz" */;
			compatibilityVersion = "Xcode 14.0";
			developmentRegion = en;
			hasScannedForEncodings = 0;
			knownRegions = (
				en,
				Base,
			);
			mainGroup = 4F55B7502BF77FDD00466165;
			productRefGroup = 4F55B75A2BF77FDD00466165 /* Products */;
			projectDirPath = "";
			projectRoot = "";
			targets = (
				4F55B7582BF77FDD00466165 /* arbuz */,
			);
		};
/* End PBXProject section */

/* Begin PBXResourcesBuildPhase section */
		4F55B7572BF77FDD00466165 /* Resources */ = {
			isa = PBXResourcesBuildPhase;
			buildActionMask = 2147483647;
			files = (
				4F55B7642BF77FDF00466165 /* Preview Assets.xcassets in Resources */,
				4F55B7612BF77FDF00466165 /* Assets.xcassets in Resources */,
			);
			runOnlyForDeploymentPostprocessing = 0;
		};
/* End PBXResourcesBuildPhase section */

/* Begin PBXSourcesBuildPhase section */
		4F55B7552BF77FDD00466165 /* Sources */ = {
			isa = PBXSourcesBuildPhase;
			buildActionMask = 2147483647;
			files = (
				4F5B267D2BF9CC6000B140F8 /* BasketView.swift in Sources */,
				4F5B26772BF9CA0300B140F8 /* MainViewModel.swift in Sources */,
				4F5B26832BFA061400B140F8 /* SearchTextFieldView.swift in Sources */,
				4F5B267F2BF9CCA200B140F8 /* FavouriteView.swift in Sources */,
				4F5B26722BF9251C00B140F8 /* ProductCellView.swift in Sources */,
				4F5B26792BF9CA9B00B140F8 /* MainTabView.swift in Sources */,
				4F55B75F2BF77FDD00466165 /* ContentView.swift in Sources */,
				4F55B7722BF781D000466165 /* DataController.swift in Sources */,
				4F55B7692BF77FDF00466165 /* ProductModel.xcdatamodeld in Sources */,
				4F5B26812BF9D21A00B140F8 /* TabButton.swift in Sources */,
				4F71B3812BF9008E00062570 /* MainView.swift in Sources */,
				4F55B75D2BF77FDD00466165 /* arbuzApp.swift in Sources */,
			);
			runOnlyForDeploymentPostprocessing = 0;
		};
/* End PBXSourcesBuildPhase section */

/* Begin XCBuildConfiguration section */
		4F55B76A2BF77FDF00466165 /* Debug */ = {
			isa = XCBuildConfiguration;
			buildSettings = {
				ALWAYS_SEARCH_USER_PATHS = NO;
				ASSETCATALOG_COMPILER_GENERATE_SWIFT_ASSET_SYMBOL_EXTENSIONS = YES;
				CLANG_ANALYZER_NONNULL = YES;
				CLANG_ANALYZER_NUMBER_OBJECT_CONVERSION = YES_AGGRESSIVE;
				CLANG_CXX_LANGUAGE_STANDARD = "gnu++20";
				CLANG_ENABLE_MODULES = YES;
				CLANG_ENABLE_OBJC_ARC = YES;
				CLANG_ENABLE_OBJC_WEAK = YES;
				CLANG_WARN_BLOCK_CAPTURE_AUTORELEASING = YES;
				CLANG_WARN_BOOL_CONVERSION = YES;
				CLANG_WARN_COMMA = YES;
				CLANG_WARN_CONSTANT_CONVERSION = YES;
				CLANG_WARN_DEPRECATED_OBJC_IMPLEMENTATIONS = YES;
				CLANG_WARN_DIRECT_OBJC_ISA_USAGE = YES_ERROR;
				CLANG_WARN_DOCUMENTATION_COMMENTS = YES;
				CLANG_WARN_EMPTY_BODY = YES;
				CLANG_WARN_ENUM_CONVERSION = YES;
				CLANG_WARN_INFINITE_RECURSION = YES;
				CLANG_WARN_INT_CONVERSION = YES;
				CLANG_WARN_NON_LITERAL_NULL_CONVERSION = YES;
				CLANG_WARN_OBJC_IMPLICIT_RETAIN_SELF = YES;
				CLANG_WARN_OBJC_LITERAL_CONVERSION = YES;
				CLANG_WARN_OBJC_ROOT_CLASS = YES_ERROR;
				CLANG_WARN_QUOTED_INCLUDE_IN_FRAMEWORK_HEADER = YES;
				CLANG_WARN_RANGE_LOOP_ANALYSIS = YES;
				CLANG_WARN_STRICT_PROTOTYPES = YES;
				CLANG_WARN_SUSPICIOUS_MOVE = YES;
				CLANG_WARN_UNGUARDED_AVAILABILITY = YES_AGGRESSIVE;
				CLANG_WARN_UNREACHABLE_CODE = YES;
				CLANG_WARN__DUPLICATE_METHOD_MATCH = YES;
				COPY_PHASE_STRIP = NO;
				DEBUG_INFORMATION_FORMAT = dwarf;
				ENABLE_STRICT_OBJC_MSGSEND = YES;
				ENABLE_TESTABILITY = YES;
				ENABLE_USER_SCRIPT_SANDBOXING = YES;
				GCC_C_LANGUAGE_STANDARD = gnu17;
				GCC_DYNAMIC_NO_PIC = NO;
				GCC_NO_COMMON_BLOCKS = YES;
				GCC_OPTIMIZATION_LEVEL = 0;
				GCC_PREPROCESSOR_DEFINITIONS = (
					"DEBUG=1",
					"$(inherited)",
				);
				GCC_WARN_64_TO_32_BIT_CONVERSION = YES;
				GCC_WARN_ABOUT_RETURN_TYPE = YES_ERROR;
				GCC_WARN_UNDECLARED_SELECTOR = YES;
				GCC_WARN_UNINITIALIZED_AUTOS = YES_AGGRESSIVE;
				GCC_WARN_UNUSED_FUNCTION = YES;
				GCC_WARN_UNUSED_VARIABLE = YES;
				IPHONEOS_DEPLOYMENT_TARGET = 17.5;
				LOCALIZATION_PREFERS_STRING_CATALOGS = YES;
				MTL_ENABLE_DEBUG_INFO = INCLUDE_SOURCE;
				MTL_FAST_MATH = YES;
				ONLY_ACTIVE_ARCH = YES;
				SDKROOT = iphoneos;
				SWIFT_ACTIVE_COMPILATION_CONDITIONS = "DEBUG $(inherited)";
				SWIFT_OPTIMIZATION_LEVEL = "-Onone";
			};
			name = Debug;
		};
		4F55B76B2BF77FDF00466165 /* Release */ = {
			isa = XCBuildConfiguration;
			buildSettings = {
				ALWAYS_SEARCH_USER_PATHS = NO;
				ASSETCATALOG_COMPILER_GENERATE_SWIFT_ASSET_SYMBOL_EXTENSIONS = YES;
				CLANG_ANALYZER_NONNULL = YES;
				CLANG_ANALYZER_NUMBER_OBJECT_CONVERSION = YES_AGGRESSIVE;
				CLANG_CXX_LANGUAGE_STANDARD = "gnu++20";
				CLANG_ENABLE_MODULES = YES;
				CLANG_ENABLE_OBJC_ARC = YES;
				CLANG_ENABLE_OBJC_WEAK = YES;
				CLANG_WARN_BLOCK_CAPTURE_AUTORELEASING = YES;
				CLANG_WARN_BOOL_CONVERSION = YES;
				CLANG_WARN_COMMA = YES;
				CLANG_WARN_CONSTANT_CONVERSION = YES;
				CLANG_WARN_DEPRECATED_OBJC_IMPLEMENTATIONS = YES;
				CLANG_WARN_DIRECT_OBJC_ISA_USAGE = YES_ERROR;
				CLANG_WARN_DOCUMENTATION_COMMENTS = YES;
				CLANG_WARN_EMPTY_BODY = YES;
				CLANG_WARN_ENUM_CONVERSION = YES;
				CLANG_WARN_INFINITE_RECURSION = YES;
				CLANG_WARN_INT_CONVERSION = YES;
				CLANG_WARN_NON_LITERAL_NULL_CONVERSION = YES;
				CLANG_WARN_OBJC_IMPLICIT_RETAIN_SELF = YES;
				CLANG_WARN_OBJC_LITERAL_CONVERSION = YES;
				CLANG_WARN_OBJC_ROOT_CLASS = YES_ERROR;
				CLANG_WARN_QUOTED_INCLUDE_IN_FRAMEWORK_HEADER = YES;
				CLANG_WARN_RANGE_LOOP_ANALYSIS = YES;
				CLANG_WARN_STRICT_PROTOTYPES = YES;
				CLANG_WARN_SUSPICIOUS_MOVE = YES;
				CLANG_WARN_UNGUARDED_AVAILABILITY = YES_AGGRESSIVE;
				CLANG_WARN_UNREACHABLE_CODE = YES;
				CLANG_WARN__DUPLICATE_METHOD_MATCH = YES;
				COPY_PHASE_STRIP = NO;
				DEBUG_INFORMATION_FORMAT = "dwarf-with-dsym";
				ENABLE_NS_ASSERTIONS = NO;
				ENABLE_STRICT_OBJC_MSGSEND = YES;
				ENABLE_USER_SCRIPT_SANDBOXING = YES;
				GCC_C_LANGUAGE_STANDARD = gnu17;
				GCC_NO_COMMON_BLOCKS = YES;
				GCC_WARN_64_TO_32_BIT_CONVERSION = YES;
				GCC_WARN_ABOUT_RETURN_TYPE = YES_ERROR;
				GCC_WARN_UNDECLARED_SELECTOR = YES;
				GCC_WARN_UNINITIALIZED_AUTOS = YES_AGGRESSIVE;
				GCC_WARN_UNUSED_FUNCTION = YES;
				GCC_WARN_UNUSED_VARIABLE = YES;
				IPHONEOS_DEPLOYMENT_TARGET = 17.5;
				LOCALIZATION_PREFERS_STRING_CATALOGS = YES;
				MTL_ENABLE_DEBUG_INFO = NO;
				MTL_FAST_MATH = YES;
				SDKROOT = iphoneos;
				SWIFT_COMPILATION_MODE = wholemodule;
				VALIDATE_PRODUCT = YES;
			};
			name = Release;
		};
		4F55B76D2BF77FDF00466165 /* Debug */ = {
			isa = XCBuildConfiguration;
			buildSettings = {
				ASSETCATALOG_COMPILER_APPICON_NAME = AppIcon;
				ASSETCATALOG_COMPILER_GLOBAL_ACCENT_COLOR_NAME = AccentColor;
				CODE_SIGN_STYLE = Automatic;
				CURRENT_PROJECT_VERSION = 1;
				DEVELOPMENT_ASSET_PATHS = "\"arbuz/Preview Content\"";
				ENABLE_PREVIEWS = YES;
				GENERATE_INFOPLIST_FILE = YES;
				INFOPLIST_KEY_UIApplicationSceneManifest_Generation = YES;
				INFOPLIST_KEY_UIApplicationSupportsIndirectInputEvents = YES;
				INFOPLIST_KEY_UILaunchScreen_Generation = YES;
				INFOPLIST_KEY_UISupportedInterfaceOrientations_iPad = "UIInterfaceOrientationPortrait UIInterfaceOrientationPortraitUpsideDown UIInterfaceOrientationLandscapeLeft UIInterfaceOrientationLandscapeRight";
				INFOPLIST_KEY_UISupportedInterfaceOrientations_iPhone = "UIInterfaceOrientationPortrait UIInterfaceOrientationLandscapeLeft UIInterfaceOrientationLandscapeRight";
				IPHONEOS_DEPLOYMENT_TARGET = 14.0;
				LD_RUNPATH_SEARCH_PATHS = (
					"$(inherited)",
					"@executable_path/Frameworks",
				);
				MARKETING_VERSION = 1.0;
				PRODUCT_BUNDLE_IDENTIFIER = madina.amankeldinova.arbuz;
				PRODUCT_NAME = "$(TARGET_NAME)";
				SWIFT_EMIT_LOC_STRINGS = YES;
				SWIFT_VERSION = 5.0;
				TARGETED_DEVICE_FAMILY = "1,2";
			};
			name = Debug;
		};
		4F55B76E2BF77FDF00466165 /* Release */ = {
			isa = XCBuildConfiguration;
			buildSettings = {
				ASSETCATALOG_COMPILER_APPICON_NAME = AppIcon;
				ASSETCATALOG_COMPILER_GLOBAL_ACCENT_COLOR_NAME = AccentColor;
				CODE_SIGN_STYLE = Automatic;
				CURRENT_PROJECT_VERSION = 1;
				DEVELOPMENT_ASSET_PATHS = "\"arbuz/Preview Content\"";
				ENABLE_PREVIEWS = YES;
				GENERATE_INFOPLIST_FILE = YES;
				INFOPLIST_KEY_UIApplicationSceneManifest_Generation = YES;
				INFOPLIST_KEY_UIApplicationSupportsIndirectInputEvents = YES;
				INFOPLIST_KEY_UILaunchScreen_Generation = YES;
				INFOPLIST_KEY_UISupportedInterfaceOrientations_iPad = "UIInterfaceOrientationPortrait UIInterfaceOrientationPortraitUpsideDown UIInterfaceOrientationLandscapeLeft UIInterfaceOrientationLandscapeRight";
				INFOPLIST_KEY_UISupportedInterfaceOrientations_iPhone = "UIInterfaceOrientationPortrait UIInterfaceOrientationLandscapeLeft UIInterfaceOrientationLandscapeRight";
				IPHONEOS_DEPLOYMENT_TARGET = 14.0;
				LD_RUNPATH_SEARCH_PATHS = (
					"$(inherited)",
					"@executable_path/Frameworks",
				);
				MARKETING_VERSION = 1.0;
				PRODUCT_BUNDLE_IDENTIFIER = madina.amankeldinova.arbuz;
				PRODUCT_NAME = "$(TARGET_NAME)";
				SWIFT_EMIT_LOC_STRINGS = YES;
				SWIFT_VERSION = 5.0;
				TARGETED_DEVICE_FAMILY = "1,2";
			};
			name = Release;
		};
/* End XCBuildConfiguration section */

/* Begin XCConfigurationList section */
		4F55B7542BF77FDD00466165 /* Build configuration list for PBXProject "arbuz" */ = {
			isa = XCConfigurationList;
			buildConfigurations = (
				4F55B76A2BF77FDF00466165 /* Debug */,
				4F55B76B2BF77FDF00466165 /* Release */,
			);
			defaultConfigurationIsVisible = 0;
			defaultConfigurationName = Release;
		};
		4F55B76C2BF77FDF00466165 /* Build configuration list for PBXNativeTarget "arbuz" */ = {
			isa = XCConfigurationList;
			buildConfigurations = (
				4F55B76D2BF77FDF00466165 /* Debug */,
				4F55B76E2BF77FDF00466165 /* Release */,
			);
			defaultConfigurationIsVisible = 0;
			defaultConfigurationName = Release;
		};
/* End XCConfigurationList section */

/* Begin XCVersionGroup section */
		4F55B7672BF77FDF00466165 /* ProductModel.xcdatamodeld */ = {
			isa = XCVersionGroup;
			children = (
				4F55B7682BF77FDF00466165 /* arbuz.xcdatamodel */,
			);
			currentVersion = 4F55B7682BF77FDF00466165 /* arbuz.xcdatamodel */;
			path = ProductModel.xcdatamodeld;
			sourceTree = "<group>";
			versionGroupType = wrapper.xcdatamodel;
		};
/* End XCVersionGroup section */
	};
	rootObject = 4F55B7512BF77FDD00466165 /* Project object */;
}
